
Microsoft Visual Studio Solution File, Format Version 12.00
# Visual Studio Version 17
VisualStudioVersion = 17.6.33815.320
MinimumVisualStudioVersion = 10.0.40219.1
Project("{FAE04EC0-301F-11D3-BF4B-00C04F79EFBC}") = "MySharedLibrary", "MySharedLibrary\MySharedLibrary.csproj", "{BC22C069-4E52-48C5-8A8A-29DB397AF6B0}"
EndProject
Global
	GlobalSection(SolutionConfigurationPlatforms) = preSolution
		Debug|Any CPU = Debug|Any CPU
		Release|Any CPU = Release|Any CPU
	EndGlobalSection
	GlobalSection(ProjectConfigurationPlatforms) = postSolution
		{BC22C069-4E52-48C5-8A8A-29DB397AF6B0}.Debug|Any CPU.ActiveCfg = Debug|Any CPU
		{BC22C069-4E52-48C5-8A8A-29DB397AF6B0}.Debug|Any CPU.Build.0 = Debug|Any CPU
		{BC22C069-4E52-48C5-8A8A-29DB397AF6B0}.Release|Any CPU.ActiveCfg = Release|Any CPU
		{BC22C069-4E52-48C5-8A8A-29DB397AF6B0}.Release|Any CPU.Build.0 = Release|Any CPU
	EndGlobalSection
	GlobalSection(SolutionProperties) = preSolution
		HideSolutionNode = FALSE
	EndGlobalSection
	GlobalSection(ExtensibilityGlobals) = postSolution
		SolutionGuid = {73178CDB-01C5-4028-BF75-81CA9210DC0C}
	EndGlobalSection
EndGlobal
